{
  "name": "partybid",
  "version": "1.0.0",
  "lockfileVersion": 1,
  "requires": true,
  "dependencies": {
    "@openzeppelin/contracts": {
      "version": "4.0.0",
      "resolved": "https://registry.npmjs.org/@openzeppelin/contracts/-/contracts-4.0.0.tgz",
      "integrity": "sha512-UcIJl/vUVjTr3H1yYXZi7Sr2PlXzBEHVUJKOUlVyzyy0FI8oQCCy0Wx+BuK/fojdnmLeMvUk4KUvhKUybP+C7Q=="
    },
    "@openzeppelin/contracts-ethereum-package": {
      "version": "3.0.0",
      "resolved": "https://registry.npmjs.org/@openzeppelin/contracts-ethereum-package/-/contracts-ethereum-package-3.0.0.tgz",
      "integrity": "sha512-Xg33RtX7FGbSK/YnroLhcGNAvH30/C84NRW8KvbSdXXYiLA8YqM1bOA9sAeLjmQxXqYUn/YL4AUVTgDnG51NOw=="
    }
  }
}
